
Microsoft Visual Studio Solution File, Format Version 12.00
# Visual Studio Version 17
VisualStudioVersion = 17.9.34728.123
MinimumVisualStudioVersion = 10.0.40219.1
Project("{FAE04EC0-301F-11D3-BF4B-00C04F79EFBC}") = "Demo01EFcore", "Demo01EFcore\Demo01EFcore.csproj", "{B50D0BDF-EDCC-41E9-BE2C-BA64EDCD7F7D}"
EndProject
Project("{FAE04EC0-301F-11D3-BF4B-00C04F79EFBC}") = "Efcore", "Efcore\Efcore.csproj", "{F89E1E39-76B9-438C-A17F-FBC81573FD32}"
EndProject
Global
	GlobalSection(SolutionConfigurationPlatforms) = preSolution
		Debug|Any CPU = Debug|Any CPU
		Release|Any CPU = Release|Any CPU
	EndGlobalSection
	GlobalSection(ProjectConfigurationPlatforms) = postSolution
		{B50D0BDF-EDCC-41E9-BE2C-BA64EDCD7F7D}.Debug|Any CPU.ActiveCfg = Debug|Any CPU
		{B50D0BDF-EDCC-41E9-BE2C-BA64EDCD7F7D}.Debug|Any CPU.Build.0 = Debug|Any CPU
		{B50D0BDF-EDCC-41E9-BE2C-BA64EDCD7F7D}.Release|Any CPU.ActiveCfg = Release|Any CPU
		{B50D0BDF-EDCC-41E9-BE2C-BA64EDCD7F7D}.Release|Any CPU.Build.0 = Release|Any CPU
		{F89E1E39-76B9-438C-A17F-FBC81573FD32}.Debug|Any CPU.ActiveCfg = Debug|Any CPU
		{F89E1E39-76B9-438C-A17F-FBC81573FD32}.Debug|Any CPU.Build.0 = Debug|Any CPU
		{F89E1E39-76B9-438C-A17F-FBC81573FD32}.Release|Any CPU.ActiveCfg = Release|Any CPU
		{F89E1E39-76B9-438C-A17F-FBC81573FD32}.Release|Any CPU.Build.0 = Release|Any CPU
	EndGlobalSection
	GlobalSection(SolutionProperties) = preSolution
		HideSolutionNode = FALSE
	EndGlobalSection
	GlobalSection(ExtensibilityGlobals) = postSolution
		SolutionGuid = {28BA413E-EF82-46D8-AF48-EF40B6B36BB2}
	EndGlobalSection
EndGlobal
